// !$*UTF8*$!
{
	archiveVersion = 1;
	classes = {
	};
	objectVersion = 46;
	objects = {

/* Begin PBXBuildFile section */
		A98362B214CC68BF002DC8FB /* UIKit.framework in Frameworks */ = {isa = PBXBuildFile; fileRef = A98362B114CC68BF002DC8FB /* UIKit.framework */; };
		A98362B414CC68BF002DC8FB /* Foundation.framework in Frameworks */ = {isa = PBXBuildFile; fileRef = A98362B314CC68BF002DC8FB /* Foundation.framework */; };
		A98362B614CC68BF002DC8FB /* CoreGraphics.framework in Frameworks */ = {isa = PBXBuildFile; fileRef = A98362B514CC68BF002DC8FB /* CoreGraphics.framework */; };
		A98362BC14CC68BF002DC8FB /* InfoPlist.strings in Resources */ = {isa = PBXBuildFile; fileRef = A98362BA14CC68BF002DC8FB /* InfoPlist.strings */; };
		A98362BE14CC68BF002DC8FB /* main.m in Sources */ = {isa = PBXBuildFile; fileRef = A98362BD14CC68BF002DC8FB /* main.m */; };
		A98362C214CC68BF002DC8FB /* iTetrisAppDelegate.m in Sources */ = {isa = PBXBuildFile; fileRef = A98362C114CC68BF002DC8FB /* iTetrisAppDelegate.m */; };
		A98362C514CC68BF002DC8FB /* MainWindow.xib in Resources */ = {isa = PBXBuildFile; fileRef = A98362C314CC68BF002DC8FB /* MainWindow.xib */; };
		A98362C814CC68BF002DC8FB /* iTetrisViewController.m in Sources */ = {isa = PBXBuildFile; fileRef = A98362C714CC68BF002DC8FB /* iTetrisViewController.m */; };
		A98362CB14CC68BF002DC8FB /* iTetrisViewController.xib in Resources */ = {isa = PBXBuildFile; fileRef = A98362C914CC68BF002DC8FB /* iTetrisViewController.xib */; };
		A98362D314CC68BF002DC8FB /* SenTestingKit.framework in Frameworks */ = {isa = PBXBuildFile; fileRef = A98362D214CC68BF002DC8FB /* SenTestingKit.framework */; };
		A98362D414CC68BF002DC8FB /* UIKit.framework in Frameworks */ = {isa = PBXBuildFile; fileRef = A98362B114CC68BF002DC8FB /* UIKit.framework */; };
		A98362D514CC68BF002DC8FB /* Foundation.framework in Frameworks */ = {isa = PBXBuildFile; fileRef = A98362B314CC68BF002DC8FB /* Foundation.framework */; };
		A98362D614CC68BF002DC8FB /* CoreGraphics.framework in Frameworks */ = {isa = PBXBuildFile; fileRef = A98362B514CC68BF002DC8FB /* CoreGraphics.framework */; };
		A98362DE14CC68BF002DC8FB /* InfoPlist.strings in Resources */ = {isa = PBXBuildFile; fileRef = A98362DC14CC68BF002DC8FB /* InfoPlist.strings */; };
		A98362E014CC68BF002DC8FB /* iTetrisTests.h in Resources */ = {isa = PBXBuildFile; fileRef = A98362DF14CC68BF002DC8FB /* iTetrisTests.h */; };
		A98362E214CC68BF002DC8FB /* iTetrisTests.m in Sources */ = {isa = PBXBuildFile; fileRef = A98362E114CC68BF002DC8FB /* iTetrisTests.m */; };
/* End PBXBuildFile section */

/* Begin PBXContainerItemProxy section */
		A98362D714CC68BF002DC8FB /* PBXContainerItemProxy */ = {
			isa = PBXContainerItemProxy;
			containerPortal = A98362A414CC68BF002DC8FB /* Project object */;
			proxyType = 1;
			remoteGlobalIDString = A98362AC14CC68BF002DC8FB;
			remoteInfo = iTetris;
		};
/* End PBXContainerItemProxy section */

/* Begin PBXFileReference section */
		A98362AD14CC68BF002DC8FB /* iTetris.app */ = {isa = PBXFileReference; explicitFileType = wrapper.application; includeInIndex = 0; path = iTetris.app; sourceTree = BUILT_PRODUCTS_DIR; };
		A98362B114CC68BF002DC8FB /* UIKit.framework */ = {isa = PBXFileReference; lastKnownFileType = wrapper.framework; name = UIKit.framework; path = System/Library/Frameworks/UIKit.framework; sourceTree = SDKROOT; };
		A98362B314CC68BF002DC8FB /* Foundation.framework */ = {isa = PBXFileReference; lastKnownFileType = wrapper.framework; name = Foundation.framework; path = System/Library/Frameworks/Foundation.framework; sourceTree = SDKROOT; };
		A98362B514CC68BF002DC8FB /* CoreGraphics.framework */ = {isa = PBXFileReference; lastKnownFileType = wrapper.framework; name = CoreGraphics.framework; path = System/Library/Frameworks/CoreGraphics.framework; sourceTree = SDKROOT; };
		A98362B914CC68BF002DC8FB /* iTetris-Info.plist */ = {isa = PBXFileReference; path = "iTetris-Info.plist"; sourceTree = "<group>"; };
		A98362BB14CC68BF002DC8FB /* en */ = {isa = PBXFileReference; lastKnownFileType = text.plist.strings; name = en; path = en.lproj/InfoPlist.strings; sourceTree = "<group>"; };
		A98362BD14CC68BF002DC8FB /* main.m */ = {isa = PBXFileReference; lastKnownFileType = sourcecode.c.objc; path = main.m; sourceTree = "<group>"; };
		A98362BF14CC68BF002DC8FB /* iTetris-Prefix.pch */ = {isa = PBXFileReference; path = "iTetris-Prefix.pch"; sourceTree = "<group>"; };
		A98362C014CC68BF002DC8FB /* iTetrisAppDelegate.h */ = {isa = PBXFileReference; path = iTetrisAppDelegate.h; sourceTree = "<group>"; };
		A98362C114CC68BF002DC8FB /* iTetrisAppDelegate.m */ = {isa = PBXFileReference; lastKnownFileType = sourcecode.c.objc; path = iTetrisAppDelegate.m; sourceTree = "<group>"; };
		A98362C414CC68BF002DC8FB /* en */ = {isa = PBXFileReference; lastKnownFileType = file.xib; name = en; path = en.lproj/MainWindow.xib; sourceTree = "<group>"; };
		A98362C614CC68BF002DC8FB /* iTetrisViewController.h */ = {isa = PBXFileReference; path = iTetrisViewController.h; sourceTree = "<group>"; };
		A98362C714CC68BF002DC8FB /* iTetrisViewController.m */ = {isa = PBXFileReference; lastKnownFileType = sourcecode.c.objc; path = iTetrisViewController.m; sourceTree = "<group>"; };
		A98362CA14CC68BF002DC8FB /* en */ = {isa = PBXFileReference; lastKnownFileType = file.xib; name = en; path = en.lproj/iTetrisViewController.xib; sourceTree = "<group>"; };
		A98362D114CC68BF002DC8FB /* iTetrisTests.octest */ = {isa = PBXFileReference; explicitFileType = wrapper.cfbundle; includeInIndex = 0; path = iTetrisTests.octest; sourceTree = BUILT_PRODUCTS_DIR; };
		A98362D214CC68BF002DC8FB /* SenTestingKit.framework */ = {isa = PBXFileReference; lastKnownFileType = wrapper.framework; name = SenTestingKit.framework; path = Library/Frameworks/SenTestingKit.framework; sourceTree = DEVELOPER_DIR; };
		A98362DB14CC68BF002DC8FB /* iTetrisTests-Info.plist */ = {isa = PBXFileReference; path = "iTetrisTests-Info.plist"; sourceTree = "<group>"; };
		A98362DD14CC68BF002DC8FB /* en */ = {isa = PBXFileReference; lastKnownFileType = text.plist.strings; name = en; path = en.lproj/InfoPlist.strings; sourceTree = "<group>"; };
		A98362DF14CC68BF002DC8FB /* iTetrisTests.h */ = {isa = PBXFileReference; lastKnownFileType = sourcecode.c.h; path = iTetrisTests.h; sourceTree = "<group>"; };
		A98362E114CC68BF002DC8FB /* iTetrisTests.m */ = {isa = PBXFileReference; lastKnownFileType = sourcecode.c.objc; path = iTetrisTests.m; sourceTree = "<group>"; };
/* End PBXFileReference section */

/* Begin PBXFrameworksBuildPhase section */
		A98362AA14CC68BF002DC8FB /* Frameworks */ = {
			isa = PBXFrameworksBuildPhase;
			buildActionMask = 2147483647;
			files = (
				A98362B214CC68BF002DC8FB /* UIKit.framework in Frameworks */,
				A98362B414CC68BF002DC8FB /* Foundation.framework in Frameworks */,
				A98362B614CC68BF002DC8FB /* CoreGraphics.framework in Frameworks */,
			);
			runOnlyForDeploymentPostprocessing = 0;
		};
		A98362CD14CC68BF002DC8FB /* Frameworks */ = {
			isa = PBXFrameworksBuildPhase;
			buildActionMask = 2147483647;
			files = (
				A98362D314CC68BF002DC8FB /* SenTestingKit.framework in Frameworks */,
				A98362D414CC68BF002DC8FB /* UIKit.framework in Frameworks */,
				A98362D514CC68BF002DC8FB /* Foundation.framework in Frameworks */,
				A98362D614CC68BF002DC8FB /* CoreGraphics.framework in Frameworks */,
			);
			runOnlyForDeploymentPostprocessing = 0;
		};
/* End PBXFrameworksBuildPhase section */

/* Begin PBXGroup section */
		A98362A214CC68BF002DC8FB = {
			isa = PBXGroup;
			children = (
				A98362B714CC68BF002DC8FB /* iTetris */,
				A98362D914CC68BF002DC8FB /* iTetrisTests */,
				A98362B014CC68BF002DC8FB /* Frameworks */,
				A98362AE14CC68BF002DC8FB /* Products */,
			);
			sourceTree = "<group>";
		};
		A98362AE14CC68BF002DC8FB /* Products */ = {
			isa = PBXGroup;
			children = (
				A98362AD14CC68BF002DC8FB /* iTetris.app */,
				A98362D114CC68BF002DC8FB /* iTetrisTests.octest */,
			);
			name = Products;
			sourceTree = "<group>";
		};
		A98362B014CC68BF002DC8FB /* Frameworks */ = {
			isa = PBXGroup;
			children = (
				A98362B114CC68BF002DC8FB /* UIKit.framework */,
				A98362B314CC68BF002DC8FB /* Foundation.framework */,
				A98362B514CC68BF002DC8FB /* CoreGraphics.framework */,
				A98362D214CC68BF002DC8FB /* SenTestingKit.framework */,
			);
			name = Frameworks;
			sourceTree = "<group>";
		};
		A98362B714CC68BF002DC8FB /* iTetris */ = {
			isa = PBXGroup;
			children = (
				A98362C014CC68BF002DC8FB /* iTetrisAppDelegate.h */,
				A98362C114CC68BF002DC8FB /* iTetrisAppDelegate.m */,
				A98362C314CC68BF002DC8FB /* MainWindow.xib */,
				A98362C614CC68BF002DC8FB /* iTetrisViewController.h */,
				A98362C714CC68BF002DC8FB /* iTetrisViewController.m */,
				A98362C914CC68BF002DC8FB /* iTetrisViewController.xib */,
				A98362B814CC68BF002DC8FB /* Supporting Files */,
			);
			path = iTetris;
			sourceTree = "<group>";
		};
		A98362B814CC68BF002DC8FB /* Supporting Files */ = {
			isa = PBXGroup;
			children = (
				A98362B914CC68BF002DC8FB /* iTetris-Info.plist */,
				A98362BA14CC68BF002DC8FB /* InfoPlist.strings */,
				A98362BD14CC68BF002DC8FB /* main.m */,
				A98362BF14CC68BF002DC8FB /* iTetris-Prefix.pch */,
			);
			name = "Supporting Files";
			sourceTree = "<group>";
		};
		A98362D914CC68BF002DC8FB /* iTetrisTests */ = {
			isa = PBXGroup;
			children = (
				A98362DF14CC68BF002DC8FB /* iTetrisTests.h */,
				A98362E114CC68BF002DC8FB /* iTetrisTests.m */,
				A98362DA14CC68BF002DC8FB /* Supporting Files */,
			);
			path = iTetrisTests;
			sourceTree = "<group>";
		};
		A98362DA14CC68BF002DC8FB /* Supporting Files */ = {
			isa = PBXGroup;
			children = (
				A98362DB14CC68BF002DC8FB /* iTetrisTests-Info.plist */,
				A98362DC14CC68BF002DC8FB /* InfoPlist.strings */,
			);
			name = "Supporting Files";
			sourceTree = "<group>";
		};
/* End PBXGroup section */

/* Begin PBXNativeTarget section */
		A98362AC14CC68BF002DC8FB /* iTetris */ = {
			isa = PBXNativeTarget;
			buildConfigurationList = A98362E514CC68BF002DC8FB /* Build configuration list for PBXNativeTarget "iTetris" */;
			buildPhases = (
				A98362A914CC68BF002DC8FB /* Sources */,
				A98362AA14CC68BF002DC8FB /* Frameworks */,
				A98362AB14CC68BF002DC8FB /* Resources */,
			);
			buildRules = (
			);
			dependencies = (
			);
			name = iTetris;
			productName = iTetris;
			productReference = A98362AD14CC68BF002DC8FB /* iTetris.app */;
			productType = "com.apple.product-type.application";
		};
		A98362D014CC68BF002DC8FB /* iTetrisTests */ = {
			isa = PBXNativeTarget;
			buildConfigurationList = A98362E814CC68BF002DC8FB /* Build configuration list for PBXNativeTarget "iTetrisTests" */;
			buildPhases = (
				A98362CC14CC68BF002DC8FB /* Sources */,
				A98362CD14CC68BF002DC8FB /* Frameworks */,
				A98362CE14CC68BF002DC8FB /* Resources */,
				A98362CF14CC68BF002DC8FB /* ShellScript */,
			);
			buildRules = (
			);
			dependencies = (
				A98362D814CC68BF002DC8FB /* PBXTargetDependency */,
			);
			name = iTetrisTests;
			productName = iTetrisTests;
			productReference = A98362D114CC68BF002DC8FB /* iTetrisTests.octest */;
			productType = "com.apple.product-type.bundle";
		};
/* End PBXNativeTarget section */

/* Begin PBXProject section */
		A98362A414CC68BF002DC8FB /* Project object */ = {
			isa = PBXProject;
			attributes = {
				ORGANIZATIONNAME = "kumar.rangarajan@gmail.com";
			};
			buildConfigurationList = A98362A714CC68BF002DC8FB /* Build configuration list for PBXProject "iTetris" */;
			compatibilityVersion = "Xcode 3.2";
			developmentRegion = English;
			hasScannedForEncodings = 0;
			knownRegions = (
				en,
			);
			mainGroup = A98362A214CC68BF002DC8FB;
			productRefGroup = A98362AE14CC68BF002DC8FB /* Products */;
			projectDirPath = "";
			projectRoot = "";
			targets = (
				A98362AC14CC68BF002DC8FB /* iTetris */,
				A98362D014CC68BF002DC8FB /* iTetrisTests */,
			);
		};
/* End PBXProject section */

/* Begin PBXResourcesBuildPhase section */
		A98362AB14CC68BF002DC8FB /* Resources */ = {
			isa = PBXResourcesBuildPhase;
			buildActionMask = 2147483647;
			files = (
				A98362BC14CC68BF002DC8FB /* InfoPlist.strings in Resources */,
				A98362C514CC68BF002DC8FB /* MainWindow.xib in Resources */,
				A98362CB14CC68BF002DC8FB /* iTetrisViewController.xib in Resources */,
			);
			runOnlyForDeploymentPostprocessing = 0;
		};
		A98362CE14CC68BF002DC8FB /* Resources */ = {
			isa = PBXResourcesBuildPhase;
			buildActionMask = 2147483647;
			files = (
				A98362DE14CC68BF002DC8FB /* InfoPlist.strings in Resources */,
				A98362E014CC68BF002DC8FB /* iTetrisTests.h in Resources */,
			);
			runOnlyForDeploymentPostprocessing = 0;
		};
/* End PBXResourcesBuildPhase section */

/* Begin PBXShellScriptBuildPhase section */
		A98362CF14CC68BF002DC8FB /* ShellScript */ = {
			isa = PBXShellScriptBuildPhase;
			buildActionMask = 2147483647;
			files = (
			);
			inputPaths = (
			);
			outputPaths = (
			);
			runOnlyForDeploymentPostprocessing = 0;
			shellPath = /bin/sh;
			shellScript = "# Run the unit tests in this test bundle.\n\"${SYSTEM_DEVELOPER_DIR}/Tools/RunUnitTests\"\n";
		};
/* End PBXShellScriptBuildPhase section */

/* Begin PBXSourcesBuildPhase section */
		A98362A914CC68BF002DC8FB /* Sources */ = {
			isa = PBXSourcesBuildPhase;
			buildActionMask = 2147483647;
			files = (
				A98362BE14CC68BF002DC8FB /* main.m in Sources */,
				A98362C214CC68BF002DC8FB /* iTetrisAppDelegate.m in Sources */,
				A98362C814CC68BF002DC8FB /* iTetrisViewController.m in Sources */,
			);
			runOnlyForDeploymentPostprocessing = 0;
		};
		A98362CC14CC68BF002DC8FB /* Sources */ = {
			isa = PBXSourcesBuildPhase;
			buildActionMask = 2147483647;
			files = (
				A98362E214CC68BF002DC8FB /* iTetrisTests.m in Sources */,
			);
			runOnlyForDeploymentPostprocessing = 0;
		};
/* End PBXSourcesBuildPhase section */

/* Begin PBXTargetDependency section */
		A98362D814CC68BF002DC8FB /* PBXTargetDependency */ = {
			isa = PBXTargetDependency;
			target = A98362AC14CC68BF002DC8FB /* iTetris */;
			targetProxy = A98362D714CC68BF002DC8FB /* PBXContainerItemProxy */;
		};
/* End PBXTargetDependency section */

/* Begin PBXVariantGroup section */
		A98362BA14CC68BF002DC8FB /* InfoPlist.strings */ = {
			isa = PBXVariantGroup;
			children = (
				A98362BB14CC68BF002DC8FB /* en */,
			);
			name = InfoPlist.strings;
			sourceTree = "<group>";
		};
		A98362C314CC68BF002DC8FB /* MainWindow.xib */ = {
			isa = PBXVariantGroup;
			children = (
				A98362C414CC68BF002DC8FB /* en */,
			);
			name = MainWindow.xib;
			sourceTree = "<group>";
		};
		A98362C914CC68BF002DC8FB /* iTetrisViewController.xib */ = {
			isa = PBXVariantGroup;
			children = (
				A98362CA14CC68BF002DC8FB /* en */,
			);
			name = iTetrisViewController.xib;
			sourceTree = "<group>";
		};
		A98362DC14CC68BF002DC8FB /* InfoPlist.strings */ = {
			isa = PBXVariantGroup;
			children = (
				A98362DD14CC68BF002DC8FB /* en */,
			);
			name = InfoPlist.strings;
			sourceTree = "<group>";
		};
/* End PBXVariantGroup section */

/* Begin XCBuildConfiguration section */
		A98362E314CC68BF002DC8FB /* Debug */ = {
			isa = XCBuildConfiguration;
			buildSettings = {
				ALWAYS_SEARCH_USER_PATHS = NO;
				ARCHS = "$(ARCHS_STANDARD_32_BIT)";
				"CODE_SIGN_IDENTITY[sdk=iphoneos*]" = "iPhone Developer";
				COPY_PHASE_STRIP = NO;
				GCC_C_LANGUAGE_STANDARD = gnu99;
				GCC_DYNAMIC_NO_PIC = NO;
				GCC_OPTIMIZATION_LEVEL = 0;
				GCC_PREPROCESSOR_DEFINITIONS = (
					"DEBUG=1",
					"$(inherited)",
				);
				GCC_SYMBOLS_PRIVATE_EXTERN = NO;
				GCC_VERSION = com.apple.compilers.llvmgcc42;
				GCC_WARN_ABOUT_MISSING_PROTOTYPES = YES;
				GCC_WARN_ABOUT_RETURN_TYPE = YES;
				GCC_WARN_UNUSED_VARIABLE = YES;
				IPHONEOS_DEPLOYMENT_TARGET = 4.3;
				SDKROOT = iphoneos;
			};
			name = Debug;
		};
		A98362E414CC68BF002DC8FB /* Release */ = {
			isa = XCBuildConfiguration;
			buildSettings = {
				ALWAYS_SEARCH_USER_PATHS = NO;
				ARCHS = "$(ARCHS_STANDARD_32_BIT)";
				"CODE_SIGN_IDENTITY[sdk=iphoneos*]" = "iPhone Developer";
				COPY_PHASE_STRIP = YES;
				GCC_C_LANGUAGE_STANDARD = gnu99;
				GCC_VERSION = com.apple.compilers.llvmgcc42;
				GCC_WARN_ABOUT_MISSING_PROTOTYPES = YES;
				GCC_WARN_ABOUT_RETURN_TYPE = YES;
				GCC_WARN_UNUSED_VARIABLE = YES;
				IPHONEOS_DEPLOYMENT_TARGET = 4.3;
				OTHER_CFLAGS = "-DNS_BLOCK_ASSERTIONS=1";
				SDKROOT = iphoneos;
				VALIDATE_PRODUCT = YES;
			};
			name = Release;
		};
		A98362E614CC68BF002DC8FB /* Debug */ = {
			isa = XCBuildConfiguration;
			buildSettings = {
				GCC_PRECOMPILE_PREFIX_HEADER = YES;
				GCC_PREFIX_HEADER = "iTetris/iTetris-Prefix.pch";
				INFOPLIST_FILE = "iTetris/iTetris-Info.plist";
				PRODUCT_NAME = "$(TARGET_NAME)";
				WRAPPER_EXTENSION = app;
			};
			name = Debug;
		};
		A98362E714CC68BF002DC8FB /* Release */ = {
			isa = XCBuildConfiguration;
			buildSettings = {
				GCC_PRECOMPILE_PREFIX_HEADER = YES;
				GCC_PREFIX_HEADER = "iTetris/iTetris-Prefix.pch";
				INFOPLIST_FILE = "iTetris/iTetris-Info.plist";
				PRODUCT_NAME = "$(TARGET_NAME)";
				WRAPPER_EXTENSION = app;
			};
			name = Release;
		};
		A98362E914CC68BF002DC8FB /* Debug */ = {
			isa = XCBuildConfiguration;
			buildSettings = {
				BUNDLE_LOADER = "$(BUILT_PRODUCTS_DIR)/iTetris.app/iTetris";
				FRAMEWORK_SEARCH_PATHS = (
					"$(SDKROOT)/Developer/Library/Frameworks",
					"$(DEVELOPER_LIBRARY_DIR)/Frameworks",
				);
				GCC_PRECOMPILE_PREFIX_HEADER = YES;
				GCC_PREFIX_HEADER = "iTetris/iTetris-Prefix.pch";
				INFOPLIST_FILE = "iTetrisTests/iTetrisTests-Info.plist";
				PRODUCT_NAME = "$(TARGET_NAME)";
				TEST_HOST = "$(BUNDLE_LOADER)";
				WRAPPER_EXTENSION = octest;
			};
			name = Debug;
		};
		A98362EA14CC68BF002DC8FB /* Release */ = {
			isa = XCBuildConfiguration;
			buildSettings = {
				BUNDLE_LOADER = "$(BUILT_PRODUCTS_DIR)/iTetris.app/iTetris";
				FRAMEWORK_SEARCH_PATHS = (
					"$(SDKROOT)/Developer/Library/Frameworks",
					"$(DEVELOPER_LIBRARY_DIR)/Frameworks",
				);
				GCC_PRECOMPILE_PREFIX_HEADER = YES;
				GCC_PREFIX_HEADER = "iTetris/iTetris-Prefix.pch";
				INFOPLIST_FILE = "iTetrisTests/iTetrisTests-Info.plist";
				PRODUCT_NAME = "$(TARGET_NAME)";
				TEST_HOST = "$(BUNDLE_LOADER)";
				WRAPPER_EXTENSION = octest;
			};
			name = Release;
		};
/* End XCBuildConfiguration section */

/* Begin XCConfigurationList section */
		A98362A714CC68BF002DC8FB /* Build configuration list for PBXProject "iTetris" */ = {
			isa = XCConfigurationList;
			buildConfigurations = (
				A98362E314CC68BF002DC8FB /* Debug */,
				A98362E414CC68BF002DC8FB /* Release */,
			);
			defaultConfigurationIsVisible = 0;
			defaultConfigurationName = Release;
		};
		A98362E514CC68BF002DC8FB /* Build configuration list for PBXNativeTarget "iTetris" */ = {
			isa = XCConfigurationList;
			buildConfigurations = (
				A98362E614CC68BF002DC8FB /* Debug */,
				A98362E714CC68BF002DC8FB /* Release */,
			);
			defaultConfigurationIsVisible = 0;
		};
		A98362E814CC68BF002DC8FB /* Build configuration list for PBXNativeTarget "iTetrisTests" */ = {
			isa = XCConfigurationList;
			buildConfigurations = (
				A98362E914CC68BF002DC8FB /* Debug */,
				A98362EA14CC68BF002DC8FB /* Release */,
			);
			defaultConfigurationIsVisible = 0;
		};
/* End XCConfigurationList section */
	};
	rootObject = A98362A414CC68BF002DC8FB /* Project object */;
}
